
Microsoft Visual Studio Solution File, Format Version 12.00
# Visual Studio 15
VisualStudioVersion = 15.0.28307.1525
MinimumVisualStudioVersion = 10.0.40219.1
Project("{FAE04EC0-301F-11D3-BF4B-00C04F79EFBC}") = "Movies", "Movies\Movies.csproj", "{0DBA6F2C-99DB-427C-9885-4F593BF95E5B}"
EndProject
Global
	GlobalSection(SolutionConfigurationPlatforms) = preSolution
		Debug|Any CPU = Debug|Any CPU
		Release|Any CPU = Release|Any CPU
	EndGlobalSection
	GlobalSection(ProjectConfigurationPlatforms) = postSolution
		{0DBA6F2C-99DB-427C-9885-4F593BF95E5B}.Debug|Any CPU.ActiveCfg = Debug|Any CPU
		{0DBA6F2C-99DB-427C-9885-4F593BF95E5B}.Debug|Any CPU.Build.0 = Debug|Any CPU
		{0DBA6F2C-99DB-427C-9885-4F593BF95E5B}.Release|Any CPU.ActiveCfg = Release|Any CPU
		{0DBA6F2C-99DB-427C-9885-4F593BF95E5B}.Release|Any CPU.Build.0 = Release|Any CPU
	EndGlobalSection
	GlobalSection(SolutionProperties) = preSolution
		HideSolutionNode = FALSE
	EndGlobalSection
	GlobalSection(ExtensibilityGlobals) = postSolution
		SolutionGuid = {F4624EF4-4EC1-4E3A-BAF5-CEF880841355}
	EndGlobalSection
EndGlobal
